// !$*UTF8*$!
{
	archiveVersion = 1;
	classes = {
	};
	objectVersion = 55;
	objects = {

/* Begin PBXBuildFile section */
		E076182227F0A3490098D188 /* AppDelegate.swift in Sources */ = {isa = PBXBuildFile; fileRef = E076182127F0A3490098D188 /* AppDelegate.swift */; };
		E076182427F0A3490098D188 /* SceneDelegate.swift in Sources */ = {isa = PBXBuildFile; fileRef = E076182327F0A3490098D188 /* SceneDelegate.swift */; };
		E076182627F0A3490098D188 /* ViewController.swift in Sources */ = {isa = PBXBuildFile; fileRef = E076182527F0A3490098D188 /* ViewController.swift */; };
		E076182927F0A3490098D188 /* Main.storyboard in Resources */ = {isa = PBXBuildFile; fileRef = E076182727F0A3490098D188 /* Main.storyboard */; };
		E076182B27F0A34A0098D188 /* Assets.xcassets in Resources */ = {isa = PBXBuildFile; fileRef = E076182A27F0A34A0098D188 /* Assets.xcassets */; };
		E076182E27F0A34A0098D188 /* LaunchScreen.storyboard in Resources */ = {isa = PBXBuildFile; fileRef = E076182C27F0A34A0098D188 /* LaunchScreen.storyboard */; };
		E076183627F0B5050098D188 /* PopUp.storyboard in Resources */ = {isa = PBXBuildFile; fileRef = E076183527F0B5050098D188 /* PopUp.storyboard */; };
		E076183C27F0C0D00098D188 /* CustomPopUpViewController.swift in Sources */ = {isa = PBXBuildFile; fileRef = E076183B27F0C0D00098D188 /* CustomPopUpViewController.swift */; };
		E076183F27F0C5290098D188 /* WebKit.framework in Frameworks */ = {isa = PBXBuildFile; fileRef = E076183E27F0C5290098D188 /* WebKit.framework */; };
		E076184127F223B00098D188 /* PopUpDelegate.swift in Sources */ = {isa = PBXBuildFile; fileRef = E076184027F223B00098D188 /* PopUpDelegate.swift */; };
/* End PBXBuildFile section */

/* Begin PBXFileReference section */
		E076181E27F0A3490098D188 /* CustomPopUp_tutorial.app */ = {isa = PBXFileReference; explicitFileType = wrapper.application; includeInIndex = 0; path = CustomPopUp_tutorial.app; sourceTree = BUILT_PRODUCTS_DIR; };
		E076182127F0A3490098D188 /* AppDelegate.swift */ = {isa = PBXFileReference; lastKnownFileType = sourcecode.swift; path = AppDelegate.swift; sourceTree = "<group>"; };
		E076182327F0A3490098D188 /* SceneDelegate.swift */ = {isa = PBXFileReference; lastKnownFileType = sourcecode.swift; path = SceneDelegate.swift; sourceTree = "<group>"; };
		E076182527F0A3490098D188 /* ViewController.swift */ = {isa = PBXFileReference; lastKnownFileType = sourcecode.swift; path = ViewController.swift; sourceTree = "<group>"; };
		E076182827F0A3490098D188 /* Base */ = {isa = PBXFileReference; lastKnownFileType = file.storyboard; name = Base; path = Base.lproj/Main.storyboard; sourceTree = "<group>"; };
		E076182A27F0A34A0098D188 /* Assets.xcassets */ = {isa = PBXFileReference; lastKnownFileType = folder.assetcatalog; path = Assets.xcassets; sourceTree = "<group>"; };
		E076182D27F0A34A0098D188 /* Base */ = {isa = PBXFileReference; lastKnownFileType = file.storyboard; name = Base; path = Base.lproj/LaunchScreen.storyboard; sourceTree = "<group>"; };
		E076182F27F0A34A0098D188 /* Info.plist */ = {isa = PBXFileReference; lastKnownFileType = text.plist.xml; path = Info.plist; sourceTree = "<group>"; };
		E076183527F0B5050098D188 /* PopUp.storyboard */ = {isa = PBXFileReference; lastKnownFileType = file.storyboard; path = PopUp.storyboard; sourceTree = "<group>"; };
		E076183B27F0C0D00098D188 /* CustomPopUpViewController.swift */ = {isa = PBXFileReference; lastKnownFileType = sourcecode.swift; path = CustomPopUpViewController.swift; sourceTree = "<group>"; };
		E076183E27F0C5290098D188 /* WebKit.framework */ = {isa = PBXFileReference; lastKnownFileType = wrapper.framework; name = WebKit.framework; path = System/Library/Frameworks/WebKit.framework; sourceTree = SDKROOT; };
		E076184027F223B00098D188 /* PopUpDelegate.swift */ = {isa = PBXFileReference; lastKnownFileType = sourcecode.swift; path = PopUpDelegate.swift; sourceTree = "<group>"; };
/* End PBXFileReference section */

/* Begin PBXFrameworksBuildPhase section */
		E076181B27F0A3490098D188 /* Frameworks */ = {
			isa = PBXFrameworksBuildPhase;
			buildActionMask = 2147483647;
			files = (
				E076183F27F0C5290098D188 /* WebKit.framework in Frameworks */,
			);
			runOnlyForDeploymentPostprocessing = 0;
		};
/* End PBXFrameworksBuildPhase section */

/* Begin PBXGroup section */
		E076181527F0A3490098D188 = {
			isa = PBXGroup;
			children = (
				E076184027F223B00098D188 /* PopUpDelegate.swift */,
				E076182027F0A3490098D188 /* CustomPopUp_tutorial */,
				E076181F27F0A3490098D188 /* Products */,
				E076183D27F0C5290098D188 /* Frameworks */,
			);
			sourceTree = "<group>";
		};
		E076181F27F0A3490098D188 /* Products */ = {
			isa = PBXGroup;
			children = (
				E076181E27F0A3490098D188 /* CustomPopUp_tutorial.app */,
			);
			name = Products;
			sourceTree = "<group>";
		};
		E076182027F0A3490098D188 /* CustomPopUp_tutorial */ = {
			isa = PBXGroup;
			children = (
				E076182127F0A3490098D188 /* AppDelegate.swift */,
				E076182327F0A3490098D188 /* SceneDelegate.swift */,
				E076182527F0A3490098D188 /* ViewController.swift */,
				E076182727F0A3490098D188 /* Main.storyboard */,
				E076183527F0B5050098D188 /* PopUp.storyboard */,
				E076182A27F0A34A0098D188 /* Assets.xcassets */,
				E076182C27F0A34A0098D188 /* LaunchScreen.storyboard */,
				E076182F27F0A34A0098D188 /* Info.plist */,
				E076183B27F0C0D00098D188 /* CustomPopUpViewController.swift */,
			);
			path = CustomPopUp_tutorial;
			sourceTree = "<group>";
		};
		E076183D27F0C5290098D188 /* Frameworks */ = {
			isa = PBXGroup;
			children = (
				E076183E27F0C5290098D188 /* WebKit.framework */,
			);
			name = Frameworks;
			sourceTree = "<group>";
		};
/* End PBXGroup section */

/* Begin PBXNativeTarget section */
		E076181D27F0A3490098D188 /* CustomPopUp_tutorial */ = {
			isa = PBXNativeTarget;
			buildConfigurationList = E076183227F0A34A0098D188 /* Build configuration list for PBXNativeTarget "CustomPopUp_tutorial" */;
			buildPhases = (
				E076181A27F0A3490098D188 /* Sources */,
				E076181B27F0A3490098D188 /* Frameworks */,
				E076181C27F0A3490098D188 /* Resources */,
			);
			buildRules = (
			);
			dependencies = (
			);
			name = CustomPopUp_tutorial;
			productName = CustomPopUp_tutorial;
			productReference = E076181E27F0A3490098D188 /* CustomPopUp_tutorial.app */;
			productType = "com.apple.product-type.application";
		};
/* End PBXNativeTarget section */

/* Begin PBXProject section */
		E076181627F0A3490098D188 /* Project object */ = {
			isa = PBXProject;
			attributes = {
				BuildIndependentTargetsInParallel = 1;
				LastSwiftUpdateCheck = 1330;
				LastUpgradeCheck = 1330;
				TargetAttributes = {
					E076181D27F0A3490098D188 = {
						CreatedOnToolsVersion = 13.3;
					};
				};
			};
			buildConfigurationList = E076181927F0A3490098D188 /* Build configuration list for PBXProject "CustomPopUp_tutorial" */;
			compatibilityVersion = "Xcode 13.0";
			developmentRegion = en;
			hasScannedForEncodings = 0;
			knownRegions = (
				en,
				Base,
			);
			mainGroup = E076181527F0A3490098D188;
			productRefGroup = E076181F27F0A3490098D188 /* Products */;
			projectDirPath = "";
			projectRoot = "";
			targets = (
				E076181D27F0A3490098D188 /* CustomPopUp_tutorial */,
			);
		};
/* End PBXProject section */

/* Begin PBXResourcesBuildPhase section */
		E076181C27F0A3490098D188 /* Resources */ = {
			isa = PBXResourcesBuildPhase;
			buildActionMask = 2147483647;
			files = (
				E076182E27F0A34A0098D188 /* LaunchScreen.storyboard in Resources */,
				E076182B27F0A34A0098D188 /* Assets.xcassets in Resources */,
				E076182927F0A3490098D188 /* Main.storyboard in Resources */,
				E076183627F0B5050098D188 /* PopUp.storyboard in Resources */,
			);
			runOnlyForDeploymentPostprocessing = 0;
		};
/* End PBXResourcesBuildPhase section */

/* Begin PBXSourcesBuildPhase section */
		E076181A27F0A3490098D188 /* Sources */ = {
			isa = PBXSourcesBuildPhase;
			buildActionMask = 2147483647;
			files = (
				E076184127F223B00098D188 /* PopUpDelegate.swift in Sources */,
				E076182627F0A3490098D188 /* ViewController.swift in Sources */,
				E076182227F0A3490098D188 /* AppDelegate.swift in Sources */,
				E076182427F0A3490098D188 /* SceneDelegate.swift in Sources */,
				E076183C27F0C0D00098D188 /* CustomPopUpViewController.swift in Sources */,
			);
			runOnlyForDeploymentPostprocessing = 0;
		};
/* End PBXSourcesBuildPhase section */

/* Begin PBXVariantGroup section */
		E076182727F0A3490098D188 /* Main.storyboard */ = {
			isa = PBXVariantGroup;
			children = (
				E076182827F0A3490098D188 /* Base */,
			);
			name = Main.storyboard;
			sourceTree = "<group>";
		};
		E076182C27F0A34A0098D188 /* LaunchScreen.storyboard */ = {
			isa = PBXVariantGroup;
			children = (
				E076182D27F0A34A0098D188 /* Base */,
			);
			name = LaunchScreen.storyboard;
			sourceTree = "<group>";
		};
/* End PBXVariantGroup section */

/* Begin XCBuildConfiguration section */
		E076183027F0A34A0098D188 /* Debug */ = {
			isa = XCBuildConfiguration;
			buildSettings = {
				ALWAYS_SEARCH_USER_PATHS = NO;
				CLANG_ANALYZER_NONNULL = YES;
				CLANG_ANALYZER_NUMBER_OBJECT_CONVERSION = YES_AGGRESSIVE;
				CLANG_CXX_LANGUAGE_STANDARD = "gnu++17";
				CLANG_ENABLE_MODULES = YES;
				CLANG_ENABLE_OBJC_ARC = YES;
				CLANG_ENABLE_OBJC_WEAK = YES;
				CLANG_WARN_BLOCK_CAPTURE_AUTORELEASING = YES;
				CLANG_WARN_BOOL_CONVERSION = YES;
				CLANG_WARN_COMMA = YES;
				CLANG_WARN_CONSTANT_CONVERSION = YES;
				CLANG_WARN_DEPRECATED_OBJC_IMPLEMENTATIONS = YES;
				CLANG_WARN_DIRECT_OBJC_ISA_USAGE = YES_ERROR;
				CLANG_WARN_DOCUMENTATION_COMMENTS = YES;
				CLANG_WARN_EMPTY_BODY = YES;
				CLANG_WARN_ENUM_CONVERSION = YES;
				CLANG_WARN_INFINITE_RECURSION = YES;
				CLANG_WARN_INT_CONVERSION = YES;
				CLANG_WARN_NON_LITERAL_NULL_CONVERSION = YES;
				CLANG_WARN_OBJC_IMPLICIT_RETAIN_SELF = YES;
				CLANG_WARN_OBJC_LITERAL_CONVERSION = YES;
				CLANG_WARN_OBJC_ROOT_CLASS = YES_ERROR;
				CLANG_WARN_QUOTED_INCLUDE_IN_FRAMEWORK_HEADER = YES;
				CLANG_WARN_RANGE_LOOP_ANALYSIS = YES;
				CLANG_WARN_STRICT_PROTOTYPES = YES;
				CLANG_WARN_SUSPICIOUS_MOVE = YES;
				CLANG_WARN_UNGUARDED_AVAILABILITY = YES_AGGRESSIVE;
				CLANG_WARN_UNREACHABLE_CODE = YES;
				CLANG_WARN__DUPLICATE_METHOD_MATCH = YES;
				COPY_PHASE_STRIP = NO;
				DEBUG_INFORMATION_FORMAT = dwarf;
				ENABLE_STRICT_OBJC_MSGSEND = YES;
				ENABLE_TESTABILITY = YES;
				GCC_C_LANGUAGE_STANDARD = gnu11;
				GCC_DYNAMIC_NO_PIC = NO;
				GCC_NO_COMMON_BLOCKS = YES;
				GCC_OPTIMIZATION_LEVEL = 0;
				GCC_PREPROCESSOR_DEFINITIONS = (
					"DEBUG=1",
					"$(inherited)",
				);
				GCC_WARN_64_TO_32_BIT_CONVERSION = YES;
				GCC_WARN_ABOUT_RETURN_TYPE = YES_ERROR;
				GCC_WARN_UNDECLARED_SELECTOR = YES;
				GCC_WARN_UNINITIALIZED_AUTOS = YES_AGGRESSIVE;
				GCC_WARN_UNUSED_FUNCTION = YES;
				GCC_WARN_UNUSED_VARIABLE = YES;
				IPHONEOS_DEPLOYMENT_TARGET = 15.4;
				MTL_ENABLE_DEBUG_INFO = INCLUDE_SOURCE;
				MTL_FAST_MATH = YES;
				ONLY_ACTIVE_ARCH = YES;
				SDKROOT = iphoneos;
				SWIFT_ACTIVE_COMPILATION_CONDITIONS = DEBUG;
				SWIFT_OPTIMIZATION_LEVEL = "-Onone";
			};
			name = Debug;
		};
		E076183127F0A34A0098D188 /* Release */ = {
			isa = XCBuildConfiguration;
			buildSettings = {
				ALWAYS_SEARCH_USER_PATHS = NO;
				CLANG_ANALYZER_NONNULL = YES;
				CLANG_ANALYZER_NUMBER_OBJECT_CONVERSION = YES_AGGRESSIVE;
				CLANG_CXX_LANGUAGE_STANDARD = "gnu++17";
				CLANG_ENABLE_MODULES = YES;
				CLANG_ENABLE_OBJC_ARC = YES;
				CLANG_ENABLE_OBJC_WEAK = YES;
				CLANG_WARN_BLOCK_CAPTURE_AUTORELEASING = YES;
				CLANG_WARN_BOOL_CONVERSION = YES;
				CLANG_WARN_COMMA = YES;
				CLANG_WARN_CONSTANT_CONVERSION = YES;
				CLANG_WARN_DEPRECATED_OBJC_IMPLEMENTATIONS = YES;
				CLANG_WARN_DIRECT_OBJC_ISA_USAGE = YES_ERROR;
				CLANG_WARN_DOCUMENTATION_COMMENTS = YES;
				CLANG_WARN_EMPTY_BODY = YES;
				CLANG_WARN_ENUM_CONVERSION = YES;
				CLANG_WARN_INFINITE_RECURSION = YES;
				CLANG_WARN_INT_CONVERSION = YES;
				CLANG_WARN_NON_LITERAL_NULL_CONVERSION = YES;
				CLANG_WARN_OBJC_IMPLICIT_RETAIN_SELF = YES;
				CLANG_WARN_OBJC_LITERAL_CONVERSION = YES;
				CLANG_WARN_OBJC_ROOT_CLASS = YES_ERROR;
				CLANG_WARN_QUOTED_INCLUDE_IN_FRAMEWORK_HEADER = YES;
				CLANG_WARN_RANGE_LOOP_ANALYSIS = YES;
				CLANG_WARN_STRICT_PROTOTYPES = YES;
				CLANG_WARN_SUSPICIOUS_MOVE = YES;
				CLANG_WARN_UNGUARDED_AVAILABILITY = YES_AGGRESSIVE;
				CLANG_WARN_UNREACHABLE_CODE = YES;
				CLANG_WARN__DUPLICATE_METHOD_MATCH = YES;
				COPY_PHASE_STRIP = NO;
				DEBUG_INFORMATION_FORMAT = "dwarf-with-dsym";
				ENABLE_NS_ASSERTIONS = NO;
				ENABLE_STRICT_OBJC_MSGSEND = YES;
				GCC_C_LANGUAGE_STANDARD = gnu11;
				GCC_NO_COMMON_BLOCKS = YES;
				GCC_WARN_64_TO_32_BIT_CONVERSION = YES;
				GCC_WARN_ABOUT_RETURN_TYPE = YES_ERROR;
				GCC_WARN_UNDECLARED_SELECTOR = YES;
				GCC_WARN_UNINITIALIZED_AUTOS = YES_AGGRESSIVE;
				GCC_WARN_UNUSED_FUNCTION = YES;
				GCC_WARN_UNUSED_VARIABLE = YES;
				IPHONEOS_DEPLOYMENT_TARGET = 15.4;
				MTL_ENABLE_DEBUG_INFO = NO;
				MTL_FAST_MATH = YES;
				SDKROOT = iphoneos;
				SWIFT_COMPILATION_MODE = wholemodule;
				SWIFT_OPTIMIZATION_LEVEL = "-O";
				VALIDATE_PRODUCT = YES;
			};
			name = Release;
		};
		E076183327F0A34A0098D188 /* Debug */ = {
			isa = XCBuildConfiguration;
			buildSettings = {
				ASSETCATALOG_COMPILER_APPICON_NAME = AppIcon;
				ASSETCATALOG_COMPILER_GLOBAL_ACCENT_COLOR_NAME = AccentColor;
				CODE_SIGN_STYLE = Automatic;
				CURRENT_PROJECT_VERSION = 1;
				DEVELOPMENT_TEAM = 83DGYR3VV6;
				GENERATE_INFOPLIST_FILE = YES;
				INFOPLIST_FILE = CustomPopUp_tutorial/Info.plist;
				INFOPLIST_KEY_UIApplicationSupportsIndirectInputEvents = YES;
				INFOPLIST_KEY_UILaunchStoryboardName = LaunchScreen;
				INFOPLIST_KEY_UIMainStoryboardFile = Main;
				INFOPLIST_KEY_UISupportedInterfaceOrientations_iPad = "UIInterfaceOrientationPortrait UIInterfaceOrientationPortraitUpsideDown UIInterfaceOrientationLandscapeLeft UIInterfaceOrientationLandscapeRight";
				INFOPLIST_KEY_UISupportedInterfaceOrientations_iPhone = "UIInterfaceOrientationPortrait UIInterfaceOrientationLandscapeLeft UIInterfaceOrientationLandscapeRight";
				LD_RUNPATH_SEARCH_PATHS = (
					"$(inherited)",
					"@executable_path/Frameworks",
				);
				MARKETING_VERSION = 1.0;
				PRODUCT_BUNDLE_IDENTIFIER = "qkrdydpyc.CustomPopUp-tutorial";
				PRODUCT_NAME = "$(TARGET_NAME)";
				SWIFT_EMIT_LOC_STRINGS = YES;
				SWIFT_VERSION = 5.0;
				TARGETED_DEVICE_FAMILY = "1,2";
			};
			name = Debug;
		};
		E076183427F0A34A0098D188 /* Release */ = {
			isa = XCBuildConfiguration;
			buildSettings = {
				ASSETCATALOG_COMPILER_APPICON_NAME = AppIcon;
				ASSETCATALOG_COMPILER_GLOBAL_ACCENT_COLOR_NAME = AccentColor;
				CODE_SIGN_STYLE = Automatic;
				CURRENT_PROJECT_VERSION = 1;
				DEVELOPMENT_TEAM = 83DGYR3VV6;
				GENERATE_INFOPLIST_FILE = YES;
				INFOPLIST_FILE = CustomPopUp_tutorial/Info.plist;
				INFOPLIST_KEY_UIApplicationSupportsIndirectInputEvents = YES;
				INFOPLIST_KEY_UILaunchStoryboardName = LaunchScreen;
				INFOPLIST_KEY_UIMainStoryboardFile = Main;
				INFOPLIST_KEY_UISupportedInterfaceOrientations_iPad = "UIInterfaceOrientationPortrait UIInterfaceOrientationPortraitUpsideDown UIInterfaceOrientationLandscapeLeft UIInterfaceOrientationLandscapeRight";
				INFOPLIST_KEY_UISupportedInterfaceOrientations_iPhone = "UIInterfaceOrientationPortrait UIInterfaceOrientationLandscapeLeft UIInterfaceOrientationLandscapeRight";
				LD_RUNPATH_SEARCH_PATHS = (
					"$(inherited)",
					"@executable_path/Frameworks",
				);
				MARKETING_VERSION = 1.0;
				PRODUCT_BUNDLE_IDENTIFIER = "qkrdydpyc.CustomPopUp-tutorial";
				PRODUCT_NAME = "$(TARGET_NAME)";
				SWIFT_EMIT_LOC_STRINGS = YES;
				SWIFT_VERSION = 5.0;
				TARGETED_DEVICE_FAMILY = "1,2";
			};
			name = Release;
		};
/* End XCBuildConfiguration section */

/* Begin XCConfigurationList section */
		E076181927F0A3490098D188 /* Build configuration list for PBXProject "CustomPopUp_tutorial" */ = {
			isa = XCConfigurationList;
			buildConfigurations = (
				E076183027F0A34A0098D188 /* Debug */,
				E076183127F0A34A0098D188 /* Release */,
			);
			defaultConfigurationIsVisible = 0;
			defaultConfigurationName = Release;
		};
		E076183227F0A34A0098D188 /* Build configuration list for PBXNativeTarget "CustomPopUp_tutorial" */ = {
			isa = XCConfigurationList;
			buildConfigurations = (
				E076183327F0A34A0098D188 /* Debug */,
				E076183427F0A34A0098D188 /* Release */,
			);
			defaultConfigurationIsVisible = 0;
			defaultConfigurationName = Release;
		};
/* End XCConfigurationList section */
	};
	rootObject = E076181627F0A3490098D188 /* Project object */;
}
